
Microsoft Visual Studio Solution File, Format Version 11.00
# Visual Studio 2010
Project("{FAE04EC0-301F-11D3-BF4B-00C04F79EFBC}") = "Assembly-CSharp", "Assembly-CSharp.csproj", "{38255516-0875-e6ca-7eba-66cd4254354a}"
EndProject
Project("{FAE04EC0-301F-11D3-BF4B-00C04F79EFBC}") = "Unity.XR.Interaction.Toolkit.Samples.StarterAssets", "Unity.XR.Interaction.Toolkit.Samples.StarterAssets.csproj", "{567e82ab-fd3e-fffb-befb-d527bd28a2fb}"
EndProject
Project("{FAE04EC0-301F-11D3-BF4B-00C04F79EFBC}") = "Assembly-CSharp-Editor", "Assembly-CSharp-Editor.csproj", "{ff6ee99a-ab69-2c6b-6c67-6f1b16d3bbb2}"
EndProject
Global
	GlobalSection(SolutionConfigurationPlatforms) = preSolution
		Debug|Any CPU = Debug|Any CPU
	EndGlobalSection
	GlobalSection(ProjectConfigurationPlatforms) = postSolution
		{38255516-0875-e6ca-7eba-66cd4254354a}.Debug|Any CPU.ActiveCfg = Debug|Any CPU
		{38255516-0875-e6ca-7eba-66cd4254354a}.Debug|Any CPU.Build.0 = Debug|Any CPU
		{567e82ab-fd3e-fffb-befb-d527bd28a2fb}.Debug|Any CPU.ActiveCfg = Debug|Any CPU
		{567e82ab-fd3e-fffb-befb-d527bd28a2fb}.Debug|Any CPU.Build.0 = Debug|Any CPU
		{ff6ee99a-ab69-2c6b-6c67-6f1b16d3bbb2}.Debug|Any CPU.ActiveCfg = Debug|Any CPU
		{ff6ee99a-ab69-2c6b-6c67-6f1b16d3bbb2}.Debug|Any CPU.Build.0 = Debug|Any CPU
	EndGlobalSection
	GlobalSection(SolutionProperties) = preSolution
		HideSolutionNode = FALSE
	EndGlobalSection
EndGlobal
